
Microsoft Visual Studio Solution File, Format Version 12.00
# Visual Studio Version 16
VisualStudioVersion = 16.0.30804.86
MinimumVisualStudioVersion = 10.0.40219.1
Project("{9A19103F-16F7-4668-BE54-9A1E7A4F7556}") = "AspCore", "AspCore\AspCore.csproj", "{9DDC488F-8B87-4622-BA4A-E7A02551CBAE}"
EndProject
Project("{FAE04EC0-301F-11D3-BF4B-00C04F79EFBC}") = "Spider", "Spider\Spider.csproj", "{053BAF95-51F6-4228-9B9C-0614AC80F9EF}"
EndProject
Project("{FAE04EC0-301F-11D3-BF4B-00C04F79EFBC}") = "DataLayer", "DataLayer\DataLayer.csproj", "{5E08F226-84DE-4DAA-818E-3274EDC51707}"
EndProject
Project("{FAE04EC0-301F-11D3-BF4B-00C04F79EFBC}") = "PresentationLayer", "PresentationLayer\PresentationLayer.csproj", "{BBA0E49E-2DDF-46AC-B591-A3E2194DC137}"
EndProject
Project("{FAE04EC0-301F-11D3-BF4B-00C04F79EFBC}") = "BuissnesLayer", "BuissnesLayer\BuissnesLayer.csproj", "{81064E21-7610-4840-B23D-A4EA21ECC8BB}"
EndProject
Global
	GlobalSection(SolutionConfigurationPlatforms) = preSolution
		Debug|Any CPU = Debug|Any CPU
		Release|Any CPU = Release|Any CPU
	EndGlobalSection
	GlobalSection(ProjectConfigurationPlatforms) = postSolution
		{9DDC488F-8B87-4622-BA4A-E7A02551CBAE}.Debug|Any CPU.ActiveCfg = Debug|Any CPU
		{9DDC488F-8B87-4622-BA4A-E7A02551CBAE}.Debug|Any CPU.Build.0 = Debug|Any CPU
		{9DDC488F-8B87-4622-BA4A-E7A02551CBAE}.Release|Any CPU.ActiveCfg = Release|Any CPU
		{9DDC488F-8B87-4622-BA4A-E7A02551CBAE}.Release|Any CPU.Build.0 = Release|Any CPU
		{053BAF95-51F6-4228-9B9C-0614AC80F9EF}.Debug|Any CPU.ActiveCfg = Debug|Any CPU
		{053BAF95-51F6-4228-9B9C-0614AC80F9EF}.Debug|Any CPU.Build.0 = Debug|Any CPU
		{053BAF95-51F6-4228-9B9C-0614AC80F9EF}.Release|Any CPU.ActiveCfg = Release|Any CPU
		{053BAF95-51F6-4228-9B9C-0614AC80F9EF}.Release|Any CPU.Build.0 = Release|Any CPU
		{5E08F226-84DE-4DAA-818E-3274EDC51707}.Debug|Any CPU.ActiveCfg = Debug|Any CPU
		{5E08F226-84DE-4DAA-818E-3274EDC51707}.Debug|Any CPU.Build.0 = Debug|Any CPU
		{5E08F226-84DE-4DAA-818E-3274EDC51707}.Release|Any CPU.ActiveCfg = Release|Any CPU
		{5E08F226-84DE-4DAA-818E-3274EDC51707}.Release|Any CPU.Build.0 = Release|Any CPU
		{BBA0E49E-2DDF-46AC-B591-A3E2194DC137}.Debug|Any CPU.ActiveCfg = Debug|Any CPU
		{BBA0E49E-2DDF-46AC-B591-A3E2194DC137}.Debug|Any CPU.Build.0 = Debug|Any CPU
		{BBA0E49E-2DDF-46AC-B591-A3E2194DC137}.Release|Any CPU.ActiveCfg = Release|Any CPU
		{BBA0E49E-2DDF-46AC-B591-A3E2194DC137}.Release|Any CPU.Build.0 = Release|Any CPU
		{81064E21-7610-4840-B23D-A4EA21ECC8BB}.Debug|Any CPU.ActiveCfg = Debug|Any CPU
		{81064E21-7610-4840-B23D-A4EA21ECC8BB}.Debug|Any CPU.Build.0 = Debug|Any CPU
		{81064E21-7610-4840-B23D-A4EA21ECC8BB}.Release|Any CPU.ActiveCfg = Release|Any CPU
		{81064E21-7610-4840-B23D-A4EA21ECC8BB}.Release|Any CPU.Build.0 = Release|Any CPU
	EndGlobalSection
	GlobalSection(SolutionProperties) = preSolution
		HideSolutionNode = FALSE
	EndGlobalSection
	GlobalSection(ExtensibilityGlobals) = postSolution
		SolutionGuid = {5EDADF5A-FD81-48CE-89B5-7A0C175BD158}
	EndGlobalSection
EndGlobal
